
Microsoft Visual Studio Solution File, Format Version 12.00
# Visual Studio Version 17
VisualStudioVersion = 17.13.35931.197 d17.13
MinimumVisualStudioVersion = 10.0.40219.1
Project("{FAE04EC0-301F-11D3-BF4B-00C04F79EFBC}") = "ElogioAPI", "ElogioAPI\ElogioAPI.csproj", "{AF64BF92-6BCA-4C0A-8F34-BFC94E74D51D}"
EndProject
Global
	GlobalSection(SolutionConfigurationPlatforms) = preSolution
		Debug|Any CPU = Debug|Any CPU
		Release|Any CPU = Release|Any CPU
	EndGlobalSection
	GlobalSection(ProjectConfigurationPlatforms) = postSolution
		{AF64BF92-6BCA-4C0A-8F34-BFC94E74D51D}.Debug|Any CPU.ActiveCfg = Debug|Any CPU
		{AF64BF92-6BCA-4C0A-8F34-BFC94E74D51D}.Debug|Any CPU.Build.0 = Debug|Any CPU
		{AF64BF92-6BCA-4C0A-8F34-BFC94E74D51D}.Release|Any CPU.ActiveCfg = Release|Any CPU
		{AF64BF92-6BCA-4C0A-8F34-BFC94E74D51D}.Release|Any CPU.Build.0 = Release|Any CPU
	EndGlobalSection
	GlobalSection(SolutionProperties) = preSolution
		HideSolutionNode = FALSE
	EndGlobalSection
	GlobalSection(ExtensibilityGlobals) = postSolution
		SolutionGuid = {347B97FF-224A-424D-97D3-7EC7BAD2EA58}
	EndGlobalSection
EndGlobal
